<?xml version="1.0" encoding="utf-8"?>
<Project ToolsVersion="4.0" xmlns="http://schemas.microsoft.com/developer/msbuild/2003">
  <ItemGroup>
    <Filter Include="Resource Files">
      <UniqueIdentifier>{67DA6AB6-F800-4c08-8B7A-83BB121AAD01}</UniqueIdentifier>
      <Extensions>rc;ico;cur;bmp;dlg;rc2;rct;bin;rgs;gif;jpg;jpeg;jpe;resx;tiff;tif;png;wav;mfcribbon-ms</Extensions>
    </Filter>
    <Filter Include="Game Files">
      <UniqueIdentifier>{4FC737F1-C7A5-4376-A066-2A32D752A2FF}</UniqueIdentifier>
      <Extensions>cpp;c;cc;cxx;c++;cppm;ixx;def;odl;idl;hpj;bat;asm;asmx</Extensions>
    </Filter>
    <Filter Include="Game Files\Components">
      <UniqueIdentifier>{aef1a754-e710-4470-b883-8d96b53f3b44}</UniqueIdentifier>
    </Filter>
    <Filter Include="Resource Files\Sounds">
      <UniqueIdentifier>{4106a3bc-be0b-48d0-9234-ff3fd761b2ba}</UniqueIdentifier>
    </Filter>
    <Filter Include="Resource Files\Sprites">
      <UniqueIdentifier>{a05e2c59-9c4d-4812-a001-63405578a022}</UniqueIdentifier>
    </Filter>
  </ItemGroup>
  <ItemGroup>
    <ClCompile Include="ConstantRotator.cpp">
      <Filter>Game Files\Components</Filter>
    </ClCompile>
    <ClCompile Include="HealthComponent.cpp">
      <Filter>Game Files\Components</Filter>
    </ClCompile>
    <ClCompile Include="HealthDisplay.cpp">
      <Filter>Game Files\Components</Filter>
    </ClCompile>
    <ClCompile Include="LivesDisplay.cpp">
      <Filter>Game Files\Components</Filter>
    </ClCompile>
    <ClCompile Include="ScoreComponent.cpp">
      <Filter>Game Files\Components</Filter>
    </ClCompile>
    <ClCompile Include="ScoreDisplay.cpp">
      <Filter>Game Files\Components</Filter>
    </ClCompile>
    <ClCompile Include="Main.cpp">
      <Filter>Game Files</Filter>
    </ClCompile>
    <ClCompile Include="TankGunComponent.cpp">
      <Filter>Game Files\Components</Filter>
    </ClCompile>
  </ItemGroup>
  <ItemGroup>
    <ClInclude Include="ConstantRotator.h">
      <Filter>Game Files\Components</Filter>
    </ClInclude>
    <ClInclude Include="HealthComponent.h">
      <Filter>Game Files\Components</Filter>
    </ClInclude>
    <ClInclude Include="HealthDisplay.h">
      <Filter>Game Files\Components</Filter>
    </ClInclude>
    <ClInclude Include="LivesDisplay.h">
      <Filter>Game Files\Components</Filter>
    </ClInclude>
    <ClInclude Include="ScoreComponent.h">
      <Filter>Game Files\Components</Filter>
    </ClInclude>
    <ClInclude Include="ScoreDisplay.h">
      <Filter>Game Files\Components</Filter>
    </ClInclude>
    <ClInclude Include="GameCommands.h">
      <Filter>Game Files</Filter>
    </ClInclude>
    <ClInclude Include="TankGunComponent.h">
      <Filter>Game Files\Components</Filter>
    </ClInclude>
  </ItemGroup>
  <ItemGroup>
    <Image Include="..\Data\background.tga">
      <Filter>Resource Files</Filter>
    </Image>
    <Image Include="..\Data\logo.tga">
      <Filter>Resource Files</Filter>
    </Image>
    <Image Include="..\Data\Sprites\BlueTank.png">
      <Filter>Resource Files\Sprites</Filter>
    </Image>
    <Image Include="..\Data\Sprites\BlueTankGun.png">
      <Filter>Resource Files\Sprites</Filter>
    </Image>
    <Image Include="..\Data\Sprites\BulletExplosion.png">
      <Filter>Resource Files\Sprites</Filter>
    </Image>
    <Image Include="..\Data\Sprites\BulletNPC.png">
      <Filter>Resource Files\Sprites</Filter>
    </Image>
    <Image Include="..\Data\Sprites\BulletPlayer.png">
      <Filter>Resource Files\Sprites</Filter>
    </Image>
    <Image Include="..\Data\Sprites\GreenTank.png">
      <Filter>Resource Files\Sprites</Filter>
    </Image>
    <Image Include="..\Data\Sprites\GreenTankGun.png">
      <Filter>Resource Files\Sprites</Filter>
    </Image>
    <Image Include="..\Data\Sprites\PinkTank.png">
      <Filter>Resource Files\Sprites</Filter>
    </Image>
    <Image Include="..\Data\Sprites\Recognizer.png">
      <Filter>Resource Files\Sprites</Filter>
    </Image>
    <Image Include="..\Data\Sprites\RedTank.png">
      <Filter>Resource Files\Sprites</Filter>
    </Image>
    <Image Include="..\Data\Sprites\RedTankGun.png">
      <Filter>Resource Files\Sprites</Filter>
    </Image>
    <Image Include="..\Data\Sprites\TankExplosion.png">
      <Filter>Resource Files\Sprites</Filter>
    </Image>
  </ItemGroup>
  <ItemGroup>
    <Font Include="..\Data\Lingua.otf">
      <Filter>Resource Files</Filter>
    </Font>
  </ItemGroup>
  <ItemGroup>
    <Media Include="..\Data\Sounds\Background.mp3">
      <Filter>Resource Files\Sounds</Filter>
    </Media>
    <Media Include="..\Data\Sounds\FailMusic.mp3">
      <Filter>Resource Files\Sounds</Filter>
    </Media>
    <Media Include="..\Data\Sounds\MainMenuMusic.mp3">
      <Filter>Resource Files\Sounds</Filter>
    </Media>
    <Media Include="..\Data\Sounds\Shoot.mp3">
      <Filter>Resource Files\Sounds</Filter>
    </Media>
    <Media Include="..\Data\Sounds\Teleport.mp3">
      <Filter>Resource Files\Sounds</Filter>
    </Media>
  </ItemGroup>
</Project>